{
  "name": "cake",
  "version": "0.0.1",
  "lockfileVersion": 1,
  "requires": true,
  "dependencies": {
    "@ionic/core": {
      "version": "5.5.4",
      "resolved": "https://registry.npmjs.org/@ionic/core/-/core-5.5.4.tgz",
      "integrity": "sha512-IjbGN8vh3XuJ2ulo3BMlMflcWlUhvEGEexr29JKFvb+O4bWKP5sC2fkqSrswrIstOmv7axm7CeIi2MNRkwYwVA==",
      "dev": true,
      "requires": {
        "ionicons": "^5.1.2",
        "tslib": "^1.10.0"
      }
    },
    "@material/animation": {
      "version": "9.0.0-canary.1c156d69d.0",
      "resolved": "https://registry.npmjs.org/@material/animation/-/animation-9.0.0-canary.1c156d69d.0.tgz",
      "integrity": "sha512-m3eUpFRwxcP1tEWJlIH5q77YGSYEe5ITRw5OtyDvxU7ZzF0xKJbBeauQEdCmyig9UvK+J7jUUnCgkT/t/ldLtw==",
      "requires": {
        "tslib": "^1.9.3"
      }
    },
    "@material/base": {
      "version": "9.0.0-canary.1c156d69d.0",
      "resolved": "https://registry.npmjs.org/@material/base/-/base-9.0.0-canary.1c156d69d.0.tgz",
      "integrity": "sha512-r98qY6EsPx6BlzT0Pj+H+BTI7r76GEX/zZPgajxZjbPAJSeeK+uCh69Dmhf63meLKaFkKgvLwH5udKJLMqqjpQ==",
      "requires": {
        "tslib": "^1.9.3"
      }
    },
    "@material/button": {
      "version": "9.0.0-canary.1c156d69d.0",
      "resolved": "https://registry.npmjs.org/@material/button/-/button-9.0.0-canary.1c156d69d.0.tgz",
      "integrity": "sha512-ZjBDrGy2kKPmlIYaL99/C1D0t+MCIkP3Pcj9Y1RxxYdayvP+o8evkBUz5IRtg5NpW4o1X89x8RfF/JmLJZrdYw==",
      "requires": {
        "@material/density": "9.0.0-canary.1c156d69d.0",
        "@material/elevation": "9.0.0-canary.1c156d69d.0",
        "@material/feature-targeting": "9.0.0-canary.1c156d69d.0",
        "@material/ripple": "9.0.0-canary.1c156d69d.0",
        "@material/rtl": "9.0.0-canary.1c156d69d.0",
        "@material/shape": "9.0.0-canary.1c156d69d.0",
        "@material/theme": "9.0.0-canary.1c156d69d.0",
        "@material/touch-target": "9.0.0-canary.1c156d69d.0",
        "@material/typography": "9.0.0-canary.1c156d69d.0"
      }
    },
    "@material/density": {
      "version": "9.0.0-canary.1c156d69d.0",
      "resolved": "https://registry.npmjs.org/@material/density/-/density-9.0.0-canary.1c156d69d.0.tgz",
      "integrity": "sha512-Y87bUpTsXNDOi1q5NVRBxIyTUAFda1PP1Z9HOvgpV19n7/F6YLrttLGcOFSRFfx9btUKf4EddctBzwzBrF71TQ=="
    },
    "@material/dialog": {
      "version": "9.0.0-canary.1c156d69d.0",
      "resolved": "https://registry.npmjs.org/@material/dialog/-/dialog-9.0.0-canary.1c156d69d.0.tgz",
      "integrity": "sha512-JadtYwhCPrvZce/0j+kUuSq5+QaXAbZ1yx2FPT01K6/mzEgM0eDuU7ta7IlGGoJXFzmQI8jy7WsTSuW+IBNC8A==",
      "requires": {
        "@material/animation": "9.0.0-canary.1c156d69d.0",
        "@material/base": "9.0.0-canary.1c156d69d.0",
        "@material/button": "9.0.0-canary.1c156d69d.0",
        "@material/dom": "9.0.0-canary.1c156d69d.0",
        "@material/elevation": "9.0.0-canary.1c156d69d.0",
        "@material/feature-targeting": "9.0.0-canary.1c156d69d.0",
        "@material/ripple": "9.0.0-canary.1c156d69d.0",
        "@material/rtl": "9.0.0-canary.1c156d69d.0",
        "@material/shape": "9.0.0-canary.1c156d69d.0",
        "@material/theme": "9.0.0-canary.1c156d69d.0",
        "@material/touch-target": "9.0.0-canary.1c156d69d.0",
        "@material/typography": "9.0.0-canary.1c156d69d.0",
        "tslib": "^1.9.3"
      }
    },
    "@material/dom": {
      "version": "9.0.0-canary.1c156d69d.0",
      "resolved": "https://registry.npmjs.org/@material/dom/-/dom-9.0.0-canary.1c156d69d.0.tgz",
      "integrity": "sha512-AwiQDzquolB7rqy8k4+QMVQ8Njb6k0CT+otJ/UNJbj0qNVXZB4njVaWRWrWCt70hYp1rG0cRNkZ01ZJDqABUFw==",
      "requires": {
        "@material/feature-targeting": "9.0.0-canary.1c156d69d.0",
        "tslib": "^1.9.3"
      }
    },
    "@material/elevation": {
      "version": "9.0.0-canary.1c156d69d.0",
      "resolved": "https://registry.npmjs.org/@material/elevation/-/elevation-9.0.0-canary.1c156d69d.0.tgz",
      "integrity": "sha512-ojX0+nRNkfJssFA/EXhwglDwW48xll1OPCVy8jJrRfvIasRHiIJBeRdnlU5BL4qxDJHaEoOfEMmVQP/Aj504Qw==",
      "requires": {
        "@material/animation": "9.0.0-canary.1c156d69d.0",
        "@material/base": "9.0.0-canary.1c156d69d.0",
        "@material/feature-targeting": "9.0.0-canary.1c156d69d.0",
        "@material/theme": "9.0.0-canary.1c156d69d.0"
      }
    },
    "@material/feature-targeting": {
      "version": "9.0.0-canary.1c156d69d.0",
      "resolved": "https://registry.npmjs.org/@material/feature-targeting/-/feature-targeting-9.0.0-canary.1c156d69d.0.tgz",
      "integrity": "sha512-HWd0+GMnkVB3anmUc9+MeWCNoogAbb4U7ihzwq7lzLCQyC+i/kunppkUVV7DhL3ZVl1O6zIw1eAT+dgQpN8x4Q=="
    },
    "@material/floating-label": {
      "version": "9.0.0-canary.1c156d69d.0",
      "resolved": "https://registry.npmjs.org/@material/floating-label/-/floating-label-9.0.0-canary.1c156d69d.0.tgz",
      "integrity": "sha512-Brws2RwJsQkWo1Pa4WmW9Y3HFk/LAkSjrDnQl1BQCwRr1cYW2fVzFvFxvmN4XTO/k/wBuLhqGTBmyWyJJMpZ6w==",
      "requires": {
        "@material/animation": "9.0.0-canary.1c156d69d.0",
        "@material/base": "9.0.0-canary.1c156d69d.0",
        "@material/dom": "9.0.0-canary.1c156d69d.0",
        "@material/feature-targeting": "9.0.0-canary.1c156d69d.0",
        "@material/rtl": "9.0.0-canary.1c156d69d.0",
        "@material/theme": "9.0.0-canary.1c156d69d.0",
        "@material/typography": "9.0.0-canary.1c156d69d.0",
        "tslib": "^1.9.3"
      }
    },
    "@material/line-ripple": {
      "version": "9.0.0-canary.1c156d69d.0",
      "resolved": "https://registry.npmjs.org/@material/line-ripple/-/line-ripple-9.0.0-canary.1c156d69d.0.tgz",
      "integrity": "sha512-TmfT5/qzyp/NQrT1shlg7yynhMYJVmkFv0r38aZ80O0fIKo4mEqtcSVQZGXr8acBRCdWgItrRikv5U7TB6uNTg==",
      "requires": {
        "@material/animation": "9.0.0-canary.1c156d69d.0",
        "@material/base": "9.0.0-canary.1c156d69d.0",
        "@material/feature-targeting": "9.0.0-canary.1c156d69d.0",
        "@material/theme": "9.0.0-canary.1c156d69d.0",
        "tslib": "^1.9.3"
      }
    },
    "@material/mwc-base": {
      "version": "0.20.0",
      "resolved": "https://registry.npmjs.org/@material/mwc-base/-/mwc-base-0.20.0.tgz",
      "integrity": "sha512-q35jN1TGBts3LzKk2RVtgBpLDfBfRrx2hJ4GEVAeJsEGiO5CZrCD0bPlZSRTammzQBbDAh7szvhMiWo0TkRaWw==",
      "requires": {
        "@material/base": "=9.0.0-canary.1c156d69d.0",
        "@material/dom": "=9.0.0-canary.1c156d69d.0",
        "lit-element": "^2.3.0",
        "tslib": "^2.0.1"
      },
      "dependencies": {
        "tslib": {
          "version": "2.1.0",
          "resolved": "https://registry.npmjs.org/tslib/-/tslib-2.1.0.tgz",
          "integrity": "sha512-hcVC3wYEziELGGmEEXue7D75zbwIIVUMWAVbHItGPx0ziyXxrOMQx4rQEVEV45Ut/1IotuEvwqPopzIOkDMf0A=="
        }
      }
    },
    "@material/mwc-button": {
      "version": "0.20.0",
      "resolved": "https://registry.npmjs.org/@material/mwc-button/-/mwc-button-0.20.0.tgz",
      "integrity": "sha512-kqQpeuLfaqfH4PZbENT9rwx1sgeFPLHuKy5M31ZeKG1deRTxw11FDGeMxSkePfm1QFfY6DNTsIAG5qC56tUNlw==",
      "requires": {
        "@material/mwc-icon": "^0.20.0",
        "@material/mwc-ripple": "^0.20.0",
        "lit-element": "^2.3.0",
        "lit-html": "^1.1.2",
        "tslib": "^2.0.1"
      },
      "dependencies": {
        "tslib": {
          "version": "2.1.0",
          "resolved": "https://registry.npmjs.org/tslib/-/tslib-2.1.0.tgz",
          "integrity": "sha512-hcVC3wYEziELGGmEEXue7D75zbwIIVUMWAVbHItGPx0ziyXxrOMQx4rQEVEV45Ut/1IotuEvwqPopzIOkDMf0A=="
        }
      }
    },
    "@material/mwc-dialog": {
      "version": "0.20.0",
      "resolved": "https://registry.npmjs.org/@material/mwc-dialog/-/mwc-dialog-0.20.0.tgz",
      "integrity": "sha512-7VG8M0p2xaqs+gFDQLNQiVSKJNe+j8jemYX94wxRMZaMRryX09uPrOkn1CGUAuAy0fivxVLhlFG6KINbGR/Avg==",
      "requires": {
        "@material/dialog": "=9.0.0-canary.1c156d69d.0",
        "@material/dom": "=9.0.0-canary.1c156d69d.0",
        "@material/mwc-base": "^0.20.0",
        "@material/mwc-button": "^0.20.0",
        "blocking-elements": "^0.1.0",
        "lit-element": "^2.3.0",
        "lit-html": "^1.1.2",
        "tslib": "^2.0.1",
        "wicg-inert": "^3.0.0"
      },
      "dependencies": {
        "tslib": {
          "version": "2.1.0",
          "resolved": "https://registry.npmjs.org/tslib/-/tslib-2.1.0.tgz",
          "integrity": "sha512-hcVC3wYEziELGGmEEXue7D75zbwIIVUMWAVbHItGPx0ziyXxrOMQx4rQEVEV45Ut/1IotuEvwqPopzIOkDMf0A=="
        }
      }
    },
    "@material/mwc-floating-label": {
      "version": "0.20.0",
      "resolved": "https://registry.npmjs.org/@material/mwc-floating-label/-/mwc-floating-label-0.20.0.tgz",
      "integrity": "sha512-WRl/oIkP6A5mqWu9ykWQZsIXxCGJ+JXr/Ooou8F8kJADWVGYf5DNFXKd6gXq+dxXfDbC6AZHPbp7/WH/vuQVrg==",
      "requires": {
        "@material/floating-label": "=9.0.0-canary.1c156d69d.0",
        "lit-html": "^1.1.2",
        "tslib": "^2.0.1"
      },
      "dependencies": {
        "tslib": {
          "version": "2.1.0",
          "resolved": "https://registry.npmjs.org/tslib/-/tslib-2.1.0.tgz",
          "integrity": "sha512-hcVC3wYEziELGGmEEXue7D75zbwIIVUMWAVbHItGPx0ziyXxrOMQx4rQEVEV45Ut/1IotuEvwqPopzIOkDMf0A=="
        }
      }
    },
    "@material/mwc-icon": {
      "version": "0.20.0",
      "resolved": "https://registry.npmjs.org/@material/mwc-icon/-/mwc-icon-0.20.0.tgz",
      "integrity": "sha512-YCtzWbJVSZGcvWKVHwIhwfGMLEqAmRSVGcXTCAH/rOzGU7RkOxQkfNDkLAuTRAX9a7HYQStIJ39ENVcysElljg==",
      "requires": {
        "lit-element": "^2.3.0",
        "tslib": "^2.0.1"
      },
      "dependencies": {
        "tslib": {
          "version": "2.1.0",
          "resolved": "https://registry.npmjs.org/tslib/-/tslib-2.1.0.tgz",
          "integrity": "sha512-hcVC3wYEziELGGmEEXue7D75zbwIIVUMWAVbHItGPx0ziyXxrOMQx4rQEVEV45Ut/1IotuEvwqPopzIOkDMf0A=="
        }
      }
    },
    "@material/mwc-line-ripple": {
      "version": "0.20.0",
      "resolved": "https://registry.npmjs.org/@material/mwc-line-ripple/-/mwc-line-ripple-0.20.0.tgz",
      "integrity": "sha512-apA8dQ1wDbo+LOJa47dG/wMJS4iyG56bTTHMRDI4lLgd4czbEKllIgmkWBZeleqMjzzwXNfWKo/5354Ne+rbqQ==",
      "requires": {
        "@material/line-ripple": "=9.0.0-canary.1c156d69d.0",
        "lit-html": "^1.1.2",
        "tslib": "^2.0.1"
      },
      "dependencies": {
        "tslib": {
          "version": "2.1.0",
          "resolved": "https://registry.npmjs.org/tslib/-/tslib-2.1.0.tgz",
          "integrity": "sha512-hcVC3wYEziELGGmEEXue7D75zbwIIVUMWAVbHItGPx0ziyXxrOMQx4rQEVEV45Ut/1IotuEvwqPopzIOkDMf0A=="
        }
      }
    },
    "@material/mwc-notched-outline": {
      "version": "0.20.0",
      "resolved": "https://registry.npmjs.org/@material/mwc-notched-outline/-/mwc-notched-outline-0.20.0.tgz",
      "integrity": "sha512-7gU0wEYSFNA8Cms5VU1rEEJ75rwSR0EJmlW6YC1f/0kIA/d3U4V5okntIwCquH6U6oi6WNbmfHusoS6wQ6I37w==",
      "requires": {
        "@material/mwc-base": "^0.20.0",
        "@material/notched-outline": "=9.0.0-canary.1c156d69d.0",
        "lit-element": "^2.3.0",
        "lit-html": "^1.1.2",
        "tslib": "^2.0.1"
      },
      "dependencies": {
        "tslib": {
          "version": "2.1.0",
          "resolved": "https://registry.npmjs.org/tslib/-/tslib-2.1.0.tgz",
          "integrity": "sha512-hcVC3wYEziELGGmEEXue7D75zbwIIVUMWAVbHItGPx0ziyXxrOMQx4rQEVEV45Ut/1IotuEvwqPopzIOkDMf0A=="
        }
      }
    },
    "@material/mwc-ripple": {
      "version": "0.20.0",
      "resolved": "https://registry.npmjs.org/@material/mwc-ripple/-/mwc-ripple-0.20.0.tgz",
      "integrity": "sha512-4rlIu+Kk//NsW/u3CnU1kz3dsvwEozax0Zf2CUp+ao0ozclHfQ2+sTZVY0Mr8+GJLn7Oz51gT5OHoarZuWWljA==",
      "requires": {
        "@material/dom": "=9.0.0-canary.1c156d69d.0",
        "@material/mwc-base": "^0.20.0",
        "@material/ripple": "=9.0.0-canary.1c156d69d.0",
        "lit-element": "^2.3.0",
        "lit-html": "^1.1.2",
        "tslib": "^2.0.1"
      },
      "dependencies": {
        "tslib": {
          "version": "2.1.0",
          "resolved": "https://registry.npmjs.org/tslib/-/tslib-2.1.0.tgz",
          "integrity": "sha512-hcVC3wYEziELGGmEEXue7D75zbwIIVUMWAVbHItGPx0ziyXxrOMQx4rQEVEV45Ut/1IotuEvwqPopzIOkDMf0A=="
        }
      }
    },
    "@material/mwc-textfield": {
      "version": "0.20.0",
      "resolved": "https://registry.npmjs.org/@material/mwc-textfield/-/mwc-textfield-0.20.0.tgz",
      "integrity": "sha512-VFy53M6En0REG+jY+E0dpi9PKSF25KwMIXt0OoCdHPLtWhZkCarpwbdkywbvV9GjyAllweVRhtdpLmZgivOV9g==",
      "requires": {
        "@material/floating-label": "=9.0.0-canary.1c156d69d.0",
        "@material/line-ripple": "=9.0.0-canary.1c156d69d.0",
        "@material/mwc-base": "^0.20.0",
        "@material/mwc-floating-label": "^0.20.0",
        "@material/mwc-line-ripple": "^0.20.0",
        "@material/mwc-notched-outline": "^0.20.0",
        "@material/textfield": "=9.0.0-canary.1c156d69d.0",
        "lit-element": "^2.3.0",
        "lit-html": "^1.1.2",
        "tslib": "^2.0.1"
      },
      "dependencies": {
        "tslib": {
          "version": "2.1.0",
          "resolved": "https://registry.npmjs.org/tslib/-/tslib-2.1.0.tgz",
          "integrity": "sha512-hcVC3wYEziELGGmEEXue7D75zbwIIVUMWAVbHItGPx0ziyXxrOMQx4rQEVEV45Ut/1IotuEvwqPopzIOkDMf0A=="
        }
      }
    },
    "@material/notched-outline": {
      "version": "9.0.0-canary.1c156d69d.0",
      "resolved": "https://registry.npmjs.org/@material/notched-outline/-/notched-outline-9.0.0-canary.1c156d69d.0.tgz",
      "integrity": "sha512-lyIFYE6V/LFGhMAbmmPNQGby5pqbf4JwSiVu0jlEtBy9P+H6x/0iDO9OjaR+YUSHUo4ht9UfuDSfrCHJ/3og0w==",
      "requires": {
        "@material/base": "9.0.0-canary.1c156d69d.0",
        "@material/feature-targeting": "9.0.0-canary.1c156d69d.0",
        "@material/floating-label": "9.0.0-canary.1c156d69d.0",
        "@material/rtl": "9.0.0-canary.1c156d69d.0",
        "@material/shape": "9.0.0-canary.1c156d69d.0",
        "@material/theme": "9.0.0-canary.1c156d69d.0",
        "tslib": "^1.9.3"
      }
    },
    "@material/ripple": {
      "version": "9.0.0-canary.1c156d69d.0",
      "resolved": "https://registry.npmjs.org/@material/ripple/-/ripple-9.0.0-canary.1c156d69d.0.tgz",
      "integrity": "sha512-F1e/LQmYHQFORM/C3hchmANnRwJCXlc7Cp7W+VGpvJdtdzYlTd8DKKcShuOozxUQOjutbNf+Ql8gpZIdYRQaoQ==",
      "requires": {
        "@material/animation": "9.0.0-canary.1c156d69d.0",
        "@material/base": "9.0.0-canary.1c156d69d.0",
        "@material/dom": "9.0.0-canary.1c156d69d.0",
        "@material/feature-targeting": "9.0.0-canary.1c156d69d.0",
        "@material/theme": "9.0.0-canary.1c156d69d.0",
        "tslib": "^1.9.3"
      }
    },
    "@material/rtl": {
      "version": "9.0.0-canary.1c156d69d.0",
      "resolved": "https://registry.npmjs.org/@material/rtl/-/rtl-9.0.0-canary.1c156d69d.0.tgz",
      "integrity": "sha512-ICx0trLFna0M1Ina/1Nat9aSiB64o7VMs8wyCcidX//n7qFDOb0AtU9h2IB+lvX/UmPZVsDAoaL8iVm6RAqygg==",
      "requires": {
        "@material/theme": "9.0.0-canary.1c156d69d.0"
      }
    },
    "@material/shape": {
      "version": "9.0.0-canary.1c156d69d.0",
      "resolved": "https://registry.npmjs.org/@material/shape/-/shape-9.0.0-canary.1c156d69d.0.tgz",
      "integrity": "sha512-3NPm+LNFfY4xsiwy/jo+kY3WIFDwlVyJhq+eimjZ9vpG7STBPyzi1LpiPKvsrk0rmvsy3M0c1alM8E+BQ5+UAg==",
      "requires": {
        "@material/feature-targeting": "9.0.0-canary.1c156d69d.0",
        "@material/rtl": "9.0.0-canary.1c156d69d.0",
        "@material/theme": "9.0.0-canary.1c156d69d.0"
      }
    },
    "@material/textfield": {
      "version": "9.0.0-canary.1c156d69d.0",
      "resolved": "https://registry.npmjs.org/@material/textfield/-/textfield-9.0.0-canary.1c156d69d.0.tgz",
      "integrity": "sha512-pE6qL6j8d+hLLLRl6S2dwWWrvNdj69XUn5BTkImgGcQw9r74TU+b/JVz+WcRG6Ys2s2wdbZalntJbTa20zfzFw==",
      "requires": {
        "@material/animation": "9.0.0-canary.1c156d69d.0",
        "@material/base": "9.0.0-canary.1c156d69d.0",
        "@material/density": "9.0.0-canary.1c156d69d.0",
        "@material/dom": "9.0.0-canary.1c156d69d.0",
        "@material/feature-targeting": "9.0.0-canary.1c156d69d.0",
        "@material/floating-label": "9.0.0-canary.1c156d69d.0",
        "@material/line-ripple": "9.0.0-canary.1c156d69d.0",
        "@material/notched-outline": "9.0.0-canary.1c156d69d.0",
        "@material/ripple": "9.0.0-canary.1c156d69d.0",
        "@material/rtl": "9.0.0-canary.1c156d69d.0",
        "@material/shape": "9.0.0-canary.1c156d69d.0",
        "@material/theme": "9.0.0-canary.1c156d69d.0",
        "@material/typography": "9.0.0-canary.1c156d69d.0",
        "tslib": "^1.9.3"
      }
    },
    "@material/theme": {
      "version": "9.0.0-canary.1c156d69d.0",
      "resolved": "https://registry.npmjs.org/@material/theme/-/theme-9.0.0-canary.1c156d69d.0.tgz",
      "integrity": "sha512-r1610TPwUplt4FHMk7cR06Oz1jU/G31wBIh4Frs/YIB0ZonVlI5cZdIkG0IFtNt9ZYWoDwfP/1nQBxdqrDPPhg==",
      "requires": {
        "@material/feature-targeting": "9.0.0-canary.1c156d69d.0"
      }
    },
    "@material/touch-target": {
      "version": "9.0.0-canary.1c156d69d.0",
      "resolved": "https://registry.npmjs.org/@material/touch-target/-/touch-target-9.0.0-canary.1c156d69d.0.tgz",
      "integrity": "sha512-AFymS9cb152a2hEwTc80dVKA0ccNCyMAQNpvB6fEopPMLjO4Hrsu4fIHVyZF5xnz3k/iG59Y6vreHQdHKFGyUw==",
      "requires": {
        "@material/base": "9.0.0-canary.1c156d69d.0",
        "@material/feature-targeting": "9.0.0-canary.1c156d69d.0"
      }
    },
    "@material/typography": {
      "version": "9.0.0-canary.1c156d69d.0",
      "resolved": "https://registry.npmjs.org/@material/typography/-/typography-9.0.0-canary.1c156d69d.0.tgz",
      "integrity": "sha512-+JgMe2fIP+lVh4l5qXfjH9/JWd+LnfDEiVr2clWHgAc3pc2LQm6VVgUbNkrX3yeWql0x7I/inGfQovza8BeYAw==",
      "requires": {
        "@material/feature-targeting": "9.0.0-canary.1c156d69d.0",
        "@material/theme": "9.0.0-canary.1c156d69d.0"
      }
    },
    "@polymer/iron-flex-layout": {
      "version": "3.0.1",
      "resolved": "https://registry.npmjs.org/@polymer/iron-flex-layout/-/iron-flex-layout-3.0.1.tgz",
      "integrity": "sha1-NvnhqOt5LSebK8ddNiYochrTfww=",
      "dev": true,
      "requires": {
        "@polymer/polymer": "^3.0.0"
      }
    },
    "@polymer/iron-icon": {
      "version": "3.0.1",
      "resolved": "https://registry.npmjs.org/@polymer/iron-icon/-/iron-icon-3.0.1.tgz",
      "integrity": "sha1-kyEcOdiCX+SWWmhBlWYDbB3ykes=",
      "dev": true,
      "requires": {
        "@polymer/iron-flex-layout": "^3.0.0-pre.26",
        "@polymer/iron-meta": "^3.0.0-pre.26",
        "@polymer/polymer": "^3.0.0"
      }
    },
    "@polymer/iron-icons": {
      "version": "3.0.1",
      "resolved": "https://registry.npmjs.org/@polymer/iron-icons/-/iron-icons-3.0.1.tgz",
      "integrity": "sha1-wb0x2Eg6+9tUIs3DhAgeGckmfP4=",
      "dev": true,
      "requires": {
        "@polymer/iron-icon": "^3.0.0-pre.26",
        "@polymer/iron-iconset-svg": "^3.0.0-pre.26",
        "@polymer/polymer": "^3.0.0"
      }
    },
    "@polymer/iron-iconset-svg": {
      "version": "3.0.1",
      "resolved": "https://registry.npmjs.org/@polymer/iron-iconset-svg/-/iron-iconset-svg-3.0.1.tgz",
      "integrity": "sha1-Vo1ufbwSApna5jvjYArroNMN2+o=",
      "dev": true,
      "requires": {
        "@polymer/iron-meta": "^3.0.0-pre.26",
        "@polymer/polymer": "^3.0.0"
      }
    },
    "@polymer/iron-meta": {
      "version": "3.0.1",
      "resolved": "https://registry.npmjs.org/@polymer/iron-meta/-/iron-meta-3.0.1.tgz",
      "integrity": "sha1-fxQGKNEnsKKE+ILxuzI6JhvBJfU=",
      "dev": true,
      "requires": {
        "@polymer/polymer": "^3.0.0"
      }
    },
    "@polymer/polymer": {
      "version": "3.4.1",
      "resolved": "https://registry.npmjs.org/@polymer/polymer/-/polymer-3.4.1.tgz",
      "integrity": "sha1-MzvvJXEfhBG7ViT7PrqCEu+L7pY=",
      "dev": true,
      "requires": {
        "@webcomponents/shadycss": "^1.9.1"
      }
    },
    "@stencil/core": {
      "version": "2.4.0",
      "resolved": "https://registry.npmjs.org/@stencil/core/-/core-2.4.0.tgz",
      "integrity": "sha1-F7RWKciYbjXcvOP32rfWS+7eg/I=",
      "dev": true
    },
    "@stencil/sass": {
      "version": "1.4.1",
      "resolved": "https://registry.npmjs.org/@stencil/sass/-/sass-1.4.1.tgz",
      "integrity": "sha1-71od0bVsAk7QjoBHXopvjRwluxA=",
      "dev": true
    },
    "@webcomponents/shadycss": {
      "version": "1.10.2",
      "resolved": "https://registry.npmjs.org/@webcomponents/shadycss/-/shadycss-1.10.2.tgz",
      "integrity": "sha1-QOA8q23F4S8ZmUm6K3ngLxg9Hns=",
      "dev": true
    },
    "@webcomponents/webcomponentsjs": {
      "version": "2.5.0",
      "resolved": "https://registry.npmjs.org/@webcomponents/webcomponentsjs/-/webcomponentsjs-2.5.0.tgz",
      "integrity": "sha512-C0l51MWQZ9kLzcxOZtniOMohpIFdCLZum7/TEHv3XWFc1Fvt5HCpbSX84x8ltka/JuNKcuiDnxXFkiB2gaePcg=="
    },
    "blocking-elements": {
      "version": "0.1.1",
      "resolved": "https://registry.npmjs.org/blocking-elements/-/blocking-elements-0.1.1.tgz",
      "integrity": "sha512-/SLWbEzMoVIMZACCyhD/4Ya2M1PWP1qMKuiymowPcI+PdWDARqeARBjhj73kbUBCxEmTZCUu5TAqxtwUO9C1Ig=="
    },
    "bulma": {
      "version": "0.8.2",
      "resolved": "https://registry.npmjs.org/bulma/-/bulma-0.8.2.tgz",
      "integrity": "sha1-XZKPFu1KhFScKHP5XJLDjGnGMac=",
      "dev": true
    },
    "ionicons": {
      "version": "5.5.0",
      "resolved": "https://registry.npmjs.org/ionicons/-/ionicons-5.5.0.tgz",
      "integrity": "sha1-dKt4O+Eb7mDkNRFTyAttBoLlElo=",
      "dev": true,
      "requires": {
        "@stencil/core": "^2.4.0"
      }
    },
    "lit-element": {
      "version": "2.4.0",
      "resolved": "https://registry.npmjs.org/lit-element/-/lit-element-2.4.0.tgz",
      "integrity": "sha512-pBGLglxyhq/Prk2H91nA0KByq/hx/wssJBQFiYqXhGDvEnY31PRGYf1RglVzyLeRysu0IHm2K0P196uLLWmwFg==",
      "requires": {
        "lit-html": "^1.1.1"
      }
    },
    "lit-html": {
      "version": "1.3.0",
      "resolved": "https://registry.npmjs.org/lit-html/-/lit-html-1.3.0.tgz",
      "integrity": "sha512-0Q1bwmaFH9O14vycPHw8C/IeHMk/uSDldVLIefu/kfbTBGIc44KGH6A8p1bDfxUfHdc8q6Ct7kQklWoHgr4t1Q=="
    },
    "prettier": {
      "version": "2.2.1",
      "resolved": "https://registry.npmjs.org/prettier/-/prettier-2.2.1.tgz",
      "integrity": "sha512-PqyhM2yCjg/oKkFPtTGUojv7gnZAoG80ttl45O6x2Ug/rMJw4wcc9k6aaf2hibP7BGVCCM33gZoGjyvt9mm16Q==",
      "dev": true
    },
    "tslib": {
      "version": "1.14.1",
      "resolved": "https://registry.npmjs.org/tslib/-/tslib-1.14.1.tgz",
      "integrity": "sha1-zy04vcNKE0vK8QkcQfZhni9nLQA="
    },
    "wicg-inert": {
      "version": "3.1.1",
      "resolved": "https://registry.npmjs.org/wicg-inert/-/wicg-inert-3.1.1.tgz",
      "integrity": "sha512-PhBaNh8ur9Xm4Ggy4umelwNIP6pPP1bv3EaWaKqfb/QNme2rdLjm7wIInvV4WhxVHhzA4Spgw9qNSqWtB/ca2A=="
    }
  }
}
